
Microsoft Visual Studio Solution File, Format Version 12.00
# Visual Studio Version 16
VisualStudioVersion = 16.0.30225.117
MinimumVisualStudioVersion = 10.0.40219.1
Project("{FAE04EC0-301F-11D3-BF4B-00C04F79EFBC}") = "ConsoleApp160", "ConsoleApp160\ConsoleApp160.csproj", "{0E6B5A04-D8E0-4D56-A957-7168385FF3E4}"
EndProject
Global
	GlobalSection(SolutionConfigurationPlatforms) = preSolution
		Debug|Any CPU = Debug|Any CPU
		Release|Any CPU = Release|Any CPU
	EndGlobalSection
	GlobalSection(ProjectConfigurationPlatforms) = postSolution
		{0E6B5A04-D8E0-4D56-A957-7168385FF3E4}.Debug|Any CPU.ActiveCfg = Debug|Any CPU
		{0E6B5A04-D8E0-4D56-A957-7168385FF3E4}.Debug|Any CPU.Build.0 = Debug|Any CPU
		{0E6B5A04-D8E0-4D56-A957-7168385FF3E4}.Release|Any CPU.ActiveCfg = Release|Any CPU
		{0E6B5A04-D8E0-4D56-A957-7168385FF3E4}.Release|Any CPU.Build.0 = Release|Any CPU
	EndGlobalSection
	GlobalSection(SolutionProperties) = preSolution
		HideSolutionNode = FALSE
	EndGlobalSection
	GlobalSection(ExtensibilityGlobals) = postSolution
		SolutionGuid = {463FAF70-2FA4-4F96-A445-6E11CB9A281A}
	EndGlobalSection
EndGlobal
